{
  "name": "bitbns-report-analyzer",
  "version": "0.0.1",
  "lockfileVersion": 1,
  "requires": true,
  "dependencies": {
    "asciichart": {
      "version": "1.5.25",
      "resolved": "https://registry.npmjs.org/asciichart/-/asciichart-1.5.25.tgz",
      "integrity": "sha512-PNxzXIPPOtWq8T7bgzBtk9cI2lgS4SJZthUHEiQ1aoIc3lNzGfUvIvo9LiAnq26TACo9t1/4qP6KTGAUbzX9Xg=="
    },
    "coingecko-api": {
      "version": "1.0.10",
      "resolved": "https://registry.npmjs.org/coingecko-api/-/coingecko-api-1.0.10.tgz",
      "integrity": "sha512-7YLLC85+daxAw5QlBWoHVBVpJRwoPr4HtwanCr8V/WRjoyHTa1Lb9DQAvv4MDJZHiz4no6HGnDQnddtjV35oRA=="
    },
    "csv-parse": {
      "version": "4.16.3",
      "resolved": "https://registry.npmjs.org/csv-parse/-/csv-parse-4.16.3.tgz",
      "integrity": "sha512-cO1I/zmz4w2dcKHVvpCr7JVRu8/FymG5OEpmvsZYlccYolPBLoVGKUHgNoc4ZGkFeFlWGEDmMyBM+TTqRdW/wg=="
    }
  }
}
